PODS:
  - Alamofire (4.4.0)
  - DLRadioButton (1.4.9)
  - DropDown (2)
  - GMStepper (2.0.0)
  - SDWebImage (3.8.2):
    - SDWebImage/Core (= 3.8.2)
  - SDWebImage/Core (3.8.2)
  - SideMenuController (0.2.4)
  - SVProgressHUD (2.1.2)

DEPENDENCIES:
  - Alamofire (~> 4.4)
  - DLRadioButton (~> 1.4)
  - DropDown
  - GMStepper
  - SDWebImage (~> 3.8)
  - SideMenuController
  - SVProgressHUD

SPEC CHECKSUMS:
  Alamofire: dc44b1600b800eb63da6a19039a0083d62a6a62d
  DLRadioButton: 7bb8a6e3768b572469ace553391ab4d2af6f9c19
  DropDown: 744784d9c9aa505100e942c16acd05430cbb2f0a
  GMStepper: 6aff0c881afac2f432e5c9b0df71e44e14110a06
  SDWebImage: 098e97e6176540799c27e804c96653ee0833d13c
  SideMenuController: b463d2b3aa58e2afe57f57a07938fa9a647894ca
  SVProgressHUD: c404a55d78acbeb7ebb78b76d3faf986475a6994

PODFILE CHECKSUM: 9d28b10b037daec365fb1670db195d0fa8a11740

COCOAPODS: 1.2.1
