// !$*UTF8*$!
{
	archiveVersion = 1;
	classes = {
	};
	objectVersion = 46;
	objects = {

/* Begin PBXBuildFile section */
		0BE538578CB61DFC752B8964 /* Pods_Pay_hub.framework in Frameworks */ = {isa = PBXBuildFile; fileRef = 4C73A40A118492F42E51195B /* Pods_Pay_hub.framework */; };
		2F03A9441EA7635600660DBB /* GMStepper.framework in Frameworks */ = {isa = PBXBuildFile; fileRef = 2F03A9431EA7635600660DBB /* GMStepper.framework */; };
		2F104F6F1EAB7F8D0054DB64 /* secondViewController.m in Sources */ = {isa = PBXBuildFile; fileRef = 2F104F6D1EAB7F8D0054DB64 /* secondViewController.m */; };
		2F104F701EAB7F8D0054DB64 /* secondViewController.xib in Resources */ = {isa = PBXBuildFile; fileRef = 2F104F6E1EAB7F8D0054DB64 /* secondViewController.xib */; };
		2F104F731EAB7FB30054DB64 /* MyprofileViewController.m in Sources */ = {isa = PBXBuildFile; fileRef = 2F104F721EAB7FB30054DB64 /* MyprofileViewController.m */; };
		2F2179871EADF329001CCB91 /* MyCartViewController.swift in Sources */ = {isa = PBXBuildFile; fileRef = 2F2179861EADF329001CCB91 /* MyCartViewController.swift */; };
		2F2179891EADF71C001CCB91 /* ItemsTabBarViewController.swift in Sources */ = {isa = PBXBuildFile; fileRef = 2F2179881EADF71C001CCB91 /* ItemsTabBarViewController.swift */; };
		2F21798D1EB1FDD1001CCB91 /* CartManager.swift in Sources */ = {isa = PBXBuildFile; fileRef = 2F21798C1EB1FDD1001CCB91 /* CartManager.swift */; };
		2FA0E6961EAA075300A58711 /* MyAPIHandler.swift in Sources */ = {isa = PBXBuildFile; fileRef = 2FA0E6951EAA075300A58711 /* MyAPIHandler.swift */; };
		2FEC664B1EC198C300BACDCF /* Auth.storyboard in Resources */ = {isa = PBXBuildFile; fileRef = 2FEC664A1EC198C300BACDCF /* Auth.storyboard */; };
		2FEC664D1EC198EB00BACDCF /* SignupViewController.swift in Sources */ = {isa = PBXBuildFile; fileRef = 2FEC664C1EC198EB00BACDCF /* SignupViewController.swift */; };
		2FEC664F1EC1994900BACDCF /* SignupoptionsViewController.swift in Sources */ = {isa = PBXBuildFile; fileRef = 2FEC664E1EC1994900BACDCF /* SignupoptionsViewController.swift */; };
		2FEC66511EC1EEC200BACDCF /* SigninViewController.swift in Sources */ = {isa = PBXBuildFile; fileRef = 2FEC66501EC1EEC200BACDCF /* SigninViewController.swift */; };
		2FEC66531EC1EEE100BACDCF /* ContinueAsGuestViewController.swift in Sources */ = {isa = PBXBuildFile; fileRef = 2FEC66521EC1EEE100BACDCF /* ContinueAsGuestViewController.swift */; };
		2FEEC6CA1E9CA24E00CBE471 /* AppDelegate.swift in Sources */ = {isa = PBXBuildFile; fileRef = 2FEEC6C91E9CA24E00CBE471 /* AppDelegate.swift */; };
		2FEEC6CC1E9CA24E00CBE471 /* ViewController.swift in Sources */ = {isa = PBXBuildFile; fileRef = 2FEEC6CB1E9CA24E00CBE471 /* ViewController.swift */; };
		2FEEC6CF1E9CA24E00CBE471 /* Main.storyboard in Resources */ = {isa = PBXBuildFile; fileRef = 2FEEC6CD1E9CA24E00CBE471 /* Main.storyboard */; };
		2FEEC6D11E9CA24E00CBE471 /* Assets.xcassets in Resources */ = {isa = PBXBuildFile; fileRef = 2FEEC6D01E9CA24E00CBE471 /* Assets.xcassets */; };
		2FEEC6D41E9CA24E00CBE471 /* LaunchScreen.storyboard in Resources */ = {isa = PBXBuildFile; fileRef = 2FEEC6D21E9CA24E00CBE471 /* LaunchScreen.storyboard */; };
		2FEEC6DF1E9CA24E00CBE471 /* Pay_hubTests.swift in Sources */ = {isa = PBXBuildFile; fileRef = 2FEEC6DE1E9CA24E00CBE471 /* Pay_hubTests.swift */; };
		2FEEC6EA1E9CA24E00CBE471 /* Pay_hubUITests.swift in Sources */ = {isa = PBXBuildFile; fileRef = 2FEEC6E91E9CA24E00CBE471 /* Pay_hubUITests.swift */; };
		2FEEC6F81E9CE00500CBE471 /* CuisineGroupsViewController.swift in Sources */ = {isa = PBXBuildFile; fileRef = 2FEEC6F71E9CE00500CBE471 /* CuisineGroupsViewController.swift */; };
		2FEEC6FB1E9F643100CBE471 /* HomeScreenViewController.swift in Sources */ = {isa = PBXBuildFile; fileRef = 2FEEC6FA1E9F643100CBE471 /* HomeScreenViewController.swift */; };
		2FEEC6FD1E9F64F000CBE471 /* SideMenuViewController.swift in Sources */ = {isa = PBXBuildFile; fileRef = 2FEEC6FC1E9F64F000CBE471 /* SideMenuViewController.swift */; };
		2FEEC6FF1E9F659100CBE471 /* SideMenuController.framework in Frameworks */ = {isa = PBXBuildFile; fileRef = 2FEEC6FE1E9F659100CBE471 /* SideMenuController.framework */; };
		2FEEC7011E9F8F1900CBE471 /* CustomSideMenuController.swift in Sources */ = {isa = PBXBuildFile; fileRef = 2FEEC7001E9F8F1900CBE471 /* CustomSideMenuController.swift */; };
		2FEEC7051EA4A77100CBE471 /* PageViewMenuGroupsImagesVC.swift in Sources */ = {isa = PBXBuildFile; fileRef = 2FEEC7041EA4A77100CBE471 /* PageViewMenuGroupsImagesVC.swift */; };
		2FEEC7071EA5D54A00CBE471 /* MenuGroupsCollectionViewCell.swift in Sources */ = {isa = PBXBuildFile; fileRef = 2FEEC7061EA5D54A00CBE471 /* MenuGroupsCollectionViewCell.swift */; };
		2FEEC7091EA5D5D200CBE471 /* MenuGroupsVC.swift in Sources */ = {isa = PBXBuildFile; fileRef = 2FEEC7081EA5D5D200CBE471 /* MenuGroupsVC.swift */; };
		2FEEC70B1EA5FC1C00CBE471 /* MenuItemCollectionViewCell.swift in Sources */ = {isa = PBXBuildFile; fileRef = 2FEEC70A1EA5FC1C00CBE471 /* MenuItemCollectionViewCell.swift */; };
		2FEEC70D1EA6133A00CBE471 /* MenuItemListViewController.swift in Sources */ = {isa = PBXBuildFile; fileRef = 2FEEC70C1EA6133A00CBE471 /* MenuItemListViewController.swift */; };
		2FEEC70F1EA6356100CBE471 /* Alamofire.framework in Frameworks */ = {isa = PBXBuildFile; fileRef = 2FEEC70E1EA6356100CBE471 /* Alamofire.framework */; };
		2FEEC7121EA638C400CBE471 /* Alamofire.swift in Sources */ = {isa = PBXBuildFile; fileRef = 2FEEC7111EA638C400CBE471 /* Alamofire.swift */; };
		2FEEF7971EB7005B008ACEE3 /* MyCartCellTableViewCell.swift in Sources */ = {isa = PBXBuildFile; fileRef = 2FEEF7961EB7005B008ACEE3 /* MyCartCellTableViewCell.swift */; };
		2FEEF79A1EB7189C008ACEE3 /* MyCartTitleCell.swift in Sources */ = {isa = PBXBuildFile; fileRef = 2FEEF7991EB7189C008ACEE3 /* MyCartTitleCell.swift */; };
		2FEEF7B71EBC6A0F008ACEE3 /* QuartzCore.framework in Frameworks */ = {isa = PBXBuildFile; fileRef = 2FEEF7B61EBC6A0F008ACEE3 /* QuartzCore.framework */; };
		2FEEF7D61EBC6B6A008ACEE3 /* libicucore.A.tbd in Frameworks */ = {isa = PBXBuildFile; fileRef = 2FEEF7D41EBC6B6A008ACEE3 /* libicucore.A.tbd */; };
		2FEEF7D71EBC6B6A008ACEE3 /* libicucore.tbd in Frameworks */ = {isa = PBXBuildFile; fileRef = 2FEEF7D51EBC6B6A008ACEE3 /* libicucore.tbd */; };
		2FEEF7DD1EBC6B7F008ACEE3 /* libc++abi.tbd in Frameworks */ = {isa = PBXBuildFile; fileRef = 2FEEF7DA1EBC6B7F008ACEE3 /* libc++abi.tbd */; };
		D34E2F6F9DE3A4D6E0B9117E /* Pods_Pay_hubTests.framework in Frameworks */ = {isa = PBXBuildFile; fileRef = BB510F34008B707500181149 /* Pods_Pay_hubTests.framework */; };
		FF55140D5F1619B364964005 /* Pods_Pay_hubUITests.framework in Frameworks */ = {isa = PBXBuildFile; fileRef = A8141CD5A59D610B84CBCA50 /* Pods_Pay_hubUITests.framework */; };
/* End PBXBuildFile section */

/* Begin PBXContainerItemProxy section */
		2FEEC6DB1E9CA24E00CBE471 /* PBXContainerItemProxy */ = {
			isa = PBXContainerItemProxy;
			containerPortal = 2FEEC6BE1E9CA24E00CBE471 /* Project object */;
			proxyType = 1;
			remoteGlobalIDString = 2FEEC6C51E9CA24E00CBE471;
			remoteInfo = "Pay-hub";
		};
		2FEEC6E61E9CA24E00CBE471 /* PBXContainerItemProxy */ = {
			isa = PBXContainerItemProxy;
			containerPortal = 2FEEC6BE1E9CA24E00CBE471 /* Project object */;
			proxyType = 1;
			remoteGlobalIDString = 2FEEC6C51E9CA24E00CBE471;
			remoteInfo = "Pay-hub";
		};
/* End PBXContainerItemProxy section */

/* Begin PBXFileReference section */
		292BE282079238B5F14DA220 /* Pods-Pay-hub.debug.xcconfig */ = {isa = PBXFileReference; includeInIndex = 1; lastKnownFileType = text.xcconfig; name = "Pods-Pay-hub.debug.xcconfig"; path = "Pods/Target Support Files/Pods-Pay-hub/Pods-Pay-hub.debug.xcconfig"; sourceTree = "<group>"; };
		2F03A9431EA7635600660DBB /* GMStepper.framework */ = {isa = PBXFileReference; lastKnownFileType = wrapper.framework; name = GMStepper.framework; path = "../../../Library/Developer/Xcode/DerivedData/Pay-hub-dcmsrvzwqdvbarehvtvqhcywirdq/Build/Products/Debug-iphonesimulator/GMStepper/GMStepper.framework"; sourceTree = "<group>"; };
		2F104F6C1EAB7F8D0054DB64 /* secondViewController.h */ = {isa = PBXFileReference; fileEncoding = 4; lastKnownFileType = sourcecode.c.h; path = secondViewController.h; sourceTree = "<group>"; };
		2F104F6D1EAB7F8D0054DB64 /* secondViewController.m */ = {isa = PBXFileReference; fileEncoding = 4; lastKnownFileType = sourcecode.c.objc; path = secondViewController.m; sourceTree = "<group>"; };
		2F104F6E1EAB7F8D0054DB64 /* secondViewController.xib */ = {isa = PBXFileReference; fileEncoding = 4; lastKnownFileType = file.xib; path = secondViewController.xib; sourceTree = "<group>"; };
		2F104F711EAB7FB30054DB64 /* MyprofileViewController.h */ = {isa = PBXFileReference; fileEncoding = 4; lastKnownFileType = sourcecode.c.h; path = MyprofileViewController.h; sourceTree = "<group>"; };
		2F104F721EAB7FB30054DB64 /* MyprofileViewController.m */ = {isa = PBXFileReference; fileEncoding = 4; lastKnownFileType = sourcecode.c.objc; path = MyprofileViewController.m; sourceTree = "<group>"; };
		2F2179861EADF329001CCB91 /* MyCartViewController.swift */ = {isa = PBXFileReference; fileEncoding = 4; lastKnownFileType = sourcecode.swift; path = MyCartViewController.swift; sourceTree = "<group>"; };
		2F2179881EADF71C001CCB91 /* ItemsTabBarViewController.swift */ = {isa = PBXFileReference; fileEncoding = 4; lastKnownFileType = sourcecode.swift; path = ItemsTabBarViewController.swift; sourceTree = "<group>"; };
		2F21798C1EB1FDD1001CCB91 /* CartManager.swift */ = {isa = PBXFileReference; fileEncoding = 4; lastKnownFileType = sourcecode.swift; path = CartManager.swift; sourceTree = "<group>"; };
		2FA0E6951EAA075300A58711 /* MyAPIHandler.swift */ = {isa = PBXFileReference; fileEncoding = 4; lastKnownFileType = sourcecode.swift; path = MyAPIHandler.swift; sourceTree = "<group>"; };
		2FEC664A1EC198C300BACDCF /* Auth.storyboard */ = {isa = PBXFileReference; fileEncoding = 4; lastKnownFileType = file.storyboard; path = Auth.storyboard; sourceTree = "<group>"; };
		2FEC664C1EC198EB00BACDCF /* SignupViewController.swift */ = {isa = PBXFileReference; fileEncoding = 4; lastKnownFileType = sourcecode.swift; path = SignupViewController.swift; sourceTree = "<group>"; };
		2FEC664E1EC1994900BACDCF /* SignupoptionsViewController.swift */ = {isa = PBXFileReference; fileEncoding = 4; lastKnownFileType = sourcecode.swift; path = SignupoptionsViewController.swift; sourceTree = "<group>"; };
		2FEC66501EC1EEC200BACDCF /* SigninViewController.swift */ = {isa = PBXFileReference; fileEncoding = 4; lastKnownFileType = sourcecode.swift; path = SigninViewController.swift; sourceTree = "<group>"; };
		2FEC66521EC1EEE100BACDCF /* ContinueAsGuestViewController.swift */ = {isa = PBXFileReference; fileEncoding = 4; lastKnownFileType = sourcecode.swift; path = ContinueAsGuestViewController.swift; sourceTree = "<group>"; };
		2FEEC6C61E9CA24E00CBE471 /* Pay-hub.app */ = {isa = PBXFileReference; explicitFileType = wrapper.application; includeInIndex = 0; path = "Pay-hub.app"; sourceTree = BUILT_PRODUCTS_DIR; };
		2FEEC6C91E9CA24E00CBE471 /* AppDelegate.swift */ = {isa = PBXFileReference; lastKnownFileType = sourcecode.swift; path = AppDelegate.swift; sourceTree = "<group>"; };
		2FEEC6CB1E9CA24E00CBE471 /* ViewController.swift */ = {isa = PBXFileReference; lastKnownFileType = sourcecode.swift; path = ViewController.swift; sourceTree = "<group>"; };
		2FEEC6CE1E9CA24E00CBE471 /* Base */ = {isa = PBXFileReference; lastKnownFileType = file.storyboard; name = Base; path = Base.lproj/Main.storyboard; sourceTree = "<group>"; };
		2FEEC6D01E9CA24E00CBE471 /* Assets.xcassets */ = {isa = PBXFileReference; lastKnownFileType = folder.assetcatalog; path = Assets.xcassets; sourceTree = "<group>"; };
		2FEEC6D31E9CA24E00CBE471 /* Base */ = {isa = PBXFileReference; lastKnownFileType = file.storyboard; name = Base; path = Base.lproj/LaunchScreen.storyboard; sourceTree = "<group>"; };
		2FEEC6D51E9CA24E00CBE471 /* Info.plist */ = {isa = PBXFileReference; lastKnownFileType = text.plist.xml; path = Info.plist; sourceTree = "<group>"; };
		2FEEC6DA1E9CA24E00CBE471 /* Pay-hubTests.xctest */ = {isa = PBXFileReference; explicitFileType = wrapper.cfbundle; includeInIndex = 0; path = "Pay-hubTests.xctest"; sourceTree = BUILT_PRODUCTS_DIR; };
		2FEEC6DE1E9CA24E00CBE471 /* Pay_hubTests.swift */ = {isa = PBXFileReference; lastKnownFileType = sourcecode.swift; path = Pay_hubTests.swift; sourceTree = "<group>"; };
		2FEEC6E01E9CA24E00CBE471 /* Info.plist */ = {isa = PBXFileReference; lastKnownFileType = text.plist.xml; path = Info.plist; sourceTree = "<group>"; };
		2FEEC6E51E9CA24E00CBE471 /* Pay-hubUITests.xctest */ = {isa = PBXFileReference; explicitFileType = wrapper.cfbundle; includeInIndex = 0; path = "Pay-hubUITests.xctest"; sourceTree = BUILT_PRODUCTS_DIR; };
		2FEEC6E91E9CA24E00CBE471 /* Pay_hubUITests.swift */ = {isa = PBXFileReference; lastKnownFileType = sourcecode.swift; path = Pay_hubUITests.swift; sourceTree = "<group>"; };
		2FEEC6EB1E9CA24E00CBE471 /* Info.plist */ = {isa = PBXFileReference; lastKnownFileType = text.plist.xml; path = Info.plist; sourceTree = "<group>"; };
		2FEEC6F71E9CE00500CBE471 /* CuisineGroupsViewController.swift */ = {isa = PBXFileReference; fileEncoding = 4; lastKnownFileType = sourcecode.swift; path = CuisineGroupsViewController.swift; sourceTree = "<group>"; };
		2FEEC6FA1E9F643100CBE471 /* HomeScreenViewController.swift */ = {isa = PBXFileReference; fileEncoding = 4; lastKnownFileType = sourcecode.swift; path = HomeScreenViewController.swift; sourceTree = "<group>"; };
		2FEEC6FC1E9F64F000CBE471 /* SideMenuViewController.swift */ = {isa = PBXFileReference; fileEncoding = 4; lastKnownFileType = sourcecode.swift; path = SideMenuViewController.swift; sourceTree = "<group>"; };
		2FEEC6FE1E9F659100CBE471 /* SideMenuController.framework */ = {isa = PBXFileReference; lastKnownFileType = wrapper.framework; name = SideMenuController.framework; path = "../../../Library/Developer/Xcode/DerivedData/Pay-hub-dcmsrvzwqdvbarehvtvqhcywirdq/Build/Products/Debug-iphonesimulator/SideMenuController/SideMenuController.framework"; sourceTree = "<group>"; };
		2FEEC7001E9F8F1900CBE471 /* CustomSideMenuController.swift */ = {isa = PBXFileReference; fileEncoding = 4; lastKnownFileType = sourcecode.swift; path = CustomSideMenuController.swift; sourceTree = "<group>"; };
		2FEEC7041EA4A77100CBE471 /* PageViewMenuGroupsImagesVC.swift */ = {isa = PBXFileReference; fileEncoding = 4; lastKnownFileType = sourcecode.swift; path = PageViewMenuGroupsImagesVC.swift; sourceTree = "<group>"; };
		2FEEC7061EA5D54A00CBE471 /* MenuGroupsCollectionViewCell.swift */ = {isa = PBXFileReference; fileEncoding = 4; lastKnownFileType = sourcecode.swift; path = MenuGroupsCollectionViewCell.swift; sourceTree = "<group>"; };
		2FEEC7081EA5D5D200CBE471 /* MenuGroupsVC.swift */ = {isa = PBXFileReference; fileEncoding = 4; lastKnownFileType = sourcecode.swift; path = MenuGroupsVC.swift; sourceTree = "<group>"; };
		2FEEC70A1EA5FC1C00CBE471 /* MenuItemCollectionViewCell.swift */ = {isa = PBXFileReference; fileEncoding = 4; lastKnownFileType = sourcecode.swift; path = MenuItemCollectionViewCell.swift; sourceTree = "<group>"; };
		2FEEC70C1EA6133A00CBE471 /* MenuItemListViewController.swift */ = {isa = PBXFileReference; fileEncoding = 4; lastKnownFileType = sourcecode.swift; path = MenuItemListViewController.swift; sourceTree = "<group>"; };
		2FEEC70E1EA6356100CBE471 /* Alamofire.framework */ = {isa = PBXFileReference; lastKnownFileType = wrapper.framework; name = Alamofire.framework; path = "../../../Library/Developer/Xcode/DerivedData/Pay-hub-dcmsrvzwqdvbarehvtvqhcywirdq/Build/Products/Debug-iphonesimulator/Alamofire/Alamofire.framework"; sourceTree = "<group>"; };
		2FEEC7111EA638C400CBE471 /* Alamofire.swift */ = {isa = PBXFileReference; fileEncoding = 4; lastKnownFileType = sourcecode.swift; path = Alamofire.swift; sourceTree = "<group>"; };
		2FEEF7961EB7005B008ACEE3 /* MyCartCellTableViewCell.swift */ = {isa = PBXFileReference; fileEncoding = 4; lastKnownFileType = sourcecode.swift; path = MyCartCellTableViewCell.swift; sourceTree = "<group>"; };
		2FEEF7991EB7189C008ACEE3 /* MyCartTitleCell.swift */ = {isa = PBXFileReference; fileEncoding = 4; lastKnownFileType = sourcecode.swift; path = MyCartTitleCell.swift; sourceTree = "<group>"; };
		2FEEF7B61EBC6A0F008ACEE3 /* QuartzCore.framework */ = {isa = PBXFileReference; lastKnownFileType = wrapper.framework; name = QuartzCore.framework; path = System/Library/Frameworks/QuartzCore.framework; sourceTree = SDKROOT; };
		2FEEF7B81EBC6A23008ACEE3 /* OpenGLES.framework */ = {isa = PBXFileReference; lastKnownFileType = wrapper.framework; name = OpenGLES.framework; path = System/Library/Frameworks/OpenGLES.framework; sourceTree = SDKROOT; };
		2FEEF7BA1EBC6A32008ACEE3 /* CoreGraphics.framework */ = {isa = PBXFileReference; lastKnownFileType = wrapper.framework; name = CoreGraphics.framework; path = System/Library/Frameworks/CoreGraphics.framework; sourceTree = SDKROOT; };
		2FEEF7BC1EBC6A3F008ACEE3 /* CoreVideo.framework */ = {isa = PBXFileReference; lastKnownFileType = wrapper.framework; name = CoreVideo.framework; path = System/Library/Frameworks/CoreVideo.framework; sourceTree = SDKROOT; };
		2FEEF7BE1EBC6A4D008ACEE3 /* CoreMedia.framework */ = {isa = PBXFileReference; lastKnownFileType = wrapper.framework; name = CoreMedia.framework; path = System/Library/Frameworks/CoreMedia.framework; sourceTree = SDKROOT; };
		2FEEF7C01EBC6A61008ACEE3 /* CoreAudio.framework */ = {isa = PBXFileReference; lastKnownFileType = wrapper.framework; name = CoreAudio.framework; path = System/Library/Frameworks/CoreAudio.framework; sourceTree = SDKROOT; };
		2FEEF7C21EBC6A6E008ACEE3 /* AVFoundation.framework */ = {isa = PBXFileReference; lastKnownFileType = wrapper.framework; name = AVFoundation.framework; path = System/Library/Frameworks/AVFoundation.framework; sourceTree = SDKROOT; };
		2FEEF7C41EBC6A7A008ACEE3 /* AudioToolbox.framework */ = {isa = PBXFileReference; lastKnownFileType = wrapper.framework; name = AudioToolbox.framework; path = System/Library/Frameworks/AudioToolbox.framework; sourceTree = SDKROOT; };
		2FEEF7C61EBC6A86008ACEE3 /* GLKit.framework */ = {isa = PBXFileReference; lastKnownFileType = wrapper.framework; name = GLKit.framework; path = System/Library/Frameworks/GLKit.framework; sourceTree = SDKROOT; };
		2FEEF7C81EBC6A93008ACEE3 /* CFNetwork.framework */ = {isa = PBXFileReference; lastKnownFileType = wrapper.framework; name = CFNetwork.framework; path = System/Library/Frameworks/CFNetwork.framework; sourceTree = SDKROOT; };
		2FEEF7CA1EBC6A9F008ACEE3 /* Security.framework */ = {isa = PBXFileReference; lastKnownFileType = wrapper.framework; name = Security.framework; path = System/Library/Frameworks/Security.framework; sourceTree = SDKROOT; };
		2FEEF7CC1EBC6B4F008ACEE3 /* libsqlite3.0.tbd */ = {isa = PBXFileReference; lastKnownFileType = "sourcecode.text-based-dylib-definition"; name = libsqlite3.0.tbd; path = usr/lib/libsqlite3.0.tbd; sourceTree = SDKROOT; };
		2FEEF7CD1EBC6B4F008ACEE3 /* libsqlite3.tbd */ = {isa = PBXFileReference; lastKnownFileType = "sourcecode.text-based-dylib-definition"; name = libsqlite3.tbd; path = usr/lib/libsqlite3.tbd; sourceTree = SDKROOT; };
		2FEEF7D01EBC6B5D008ACEE3 /* libstdc++.6.0.9.tbd */ = {isa = PBXFileReference; lastKnownFileType = "sourcecode.text-based-dylib-definition"; name = "libstdc++.6.0.9.tbd"; path = "usr/lib/libstdc++.6.0.9.tbd"; sourceTree = SDKROOT; };
		2FEEF7D11EBC6B5D008ACEE3 /* libstdc++.6.tbd */ = {isa = PBXFileReference; lastKnownFileType = "sourcecode.text-based-dylib-definition"; name = "libstdc++.6.tbd"; path = "usr/lib/libstdc++.6.tbd"; sourceTree = SDKROOT; };
		2FEEF7D41EBC6B6A008ACEE3 /* libicucore.A.tbd */ = {isa = PBXFileReference; lastKnownFileType = "sourcecode.text-based-dylib-definition"; name = libicucore.A.tbd; path = usr/lib/libicucore.A.tbd; sourceTree = SDKROOT; };
		2FEEF7D51EBC6B6A008ACEE3 /* libicucore.tbd */ = {isa = PBXFileReference; lastKnownFileType = "sourcecode.text-based-dylib-definition"; name = libicucore.tbd; path = usr/lib/libicucore.tbd; sourceTree = SDKROOT; };
		2FEEF7D81EBC6B7F008ACEE3 /* libc++.1.tbd */ = {isa = PBXFileReference; lastKnownFileType = "sourcecode.text-based-dylib-definition"; name = "libc++.1.tbd"; path = "usr/lib/libc++.1.tbd"; sourceTree = SDKROOT; };
		2FEEF7D91EBC6B7F008ACEE3 /* libc++.tbd */ = {isa = PBXFileReference; lastKnownFileType = "sourcecode.text-based-dylib-definition"; name = "libc++.tbd"; path = "usr/lib/libc++.tbd"; sourceTree = SDKROOT; };
		2FEEF7DA1EBC6B7F008ACEE3 /* libc++abi.tbd */ = {isa = PBXFileReference; lastKnownFileType = "sourcecode.text-based-dylib-definition"; name = "libc++abi.tbd"; path = "usr/lib/libc++abi.tbd"; sourceTree = SDKROOT; };
		48220A4F2E0DF9C944E8A6E2 /* Pods-Pay-hubTests.debug.xcconfig */ = {isa = PBXFileReference; includeInIndex = 1; lastKnownFileType = text.xcconfig; name = "Pods-Pay-hubTests.debug.xcconfig"; path = "Pods/Target Support Files/Pods-Pay-hubTests/Pods-Pay-hubTests.debug.xcconfig"; sourceTree = "<group>"; };
		4C73A40A118492F42E51195B /* Pods_Pay_hub.framework */ = {isa = PBXFileReference; explicitFileType = wrapper.framework; includeInIndex = 0; path = Pods_Pay_hub.framework; sourceTree = BUILT_PRODUCTS_DIR; };
		519F0AC5F9FDD1B9910C21A2 /* Pods-Pay-hubUITests.release.xcconfig */ = {isa = PBXFileReference; includeInIndex = 1; lastKnownFileType = text.xcconfig; name = "Pods-Pay-hubUITests.release.xcconfig"; path = "Pods/Target Support Files/Pods-Pay-hubUITests/Pods-Pay-hubUITests.release.xcconfig"; sourceTree = "<group>"; };
		695F654AA5E8C7F91540DF5A /* Pods-Pay-hubUITests.debug.xcconfig */ = {isa = PBXFileReference; includeInIndex = 1; lastKnownFileType = text.xcconfig; name = "Pods-Pay-hubUITests.debug.xcconfig"; path = "Pods/Target Support Files/Pods-Pay-hubUITests/Pods-Pay-hubUITests.debug.xcconfig"; sourceTree = "<group>"; };
		79A24EE108A61A07DF01F7CC /* Pods-Pay-hubTests.release.xcconfig */ = {isa = PBXFileReference; includeInIndex = 1; lastKnownFileType = text.xcconfig; name = "Pods-Pay-hubTests.release.xcconfig"; path = "Pods/Target Support Files/Pods-Pay-hubTests/Pods-Pay-hubTests.release.xcconfig"; sourceTree = "<group>"; };
		A8141CD5A59D610B84CBCA50 /* Pods_Pay_hubUITests.framework */ = {isa = PBXFileReference; explicitFileType = wrapper.framework; includeInIndex = 0; path = Pods_Pay_hubUITests.framework; sourceTree = BUILT_PRODUCTS_DIR; };
		BB510F34008B707500181149 /* Pods_Pay_hubTests.framework */ = {isa = PBXFileReference; explicitFileType = wrapper.framework; includeInIndex = 0; path = Pods_Pay_hubTests.framework; sourceTree = BUILT_PRODUCTS_DIR; };
		D18379463C69E27DBC786F85 /* Pods-Pay-hub.release.xcconfig */ = {isa = PBXFileReference; includeInIndex = 1; lastKnownFileType = text.xcconfig; name = "Pods-Pay-hub.release.xcconfig"; path = "Pods/Target Support Files/Pods-Pay-hub/Pods-Pay-hub.release.xcconfig"; sourceTree = "<group>"; };
/* End PBXFileReference section */

/* Begin PBXFrameworksBuildPhase section */
		2FEEC6C31E9CA24E00CBE471 /* Frameworks */ = {
			isa = PBXFrameworksBuildPhase;
			buildActionMask = 2147483647;
			files = (
				2FEEF7DD1EBC6B7F008ACEE3 /* libc++abi.tbd in Frameworks */,
				2FEEF7D61EBC6B6A008ACEE3 /* libicucore.A.tbd in Frameworks */,
				2FEEF7D71EBC6B6A008ACEE3 /* libicucore.tbd in Frameworks */,
				2FEEF7B71EBC6A0F008ACEE3 /* QuartzCore.framework in Frameworks */,
				2F03A9441EA7635600660DBB /* GMStepper.framework in Frameworks */,
				2FEEC70F1EA6356100CBE471 /* Alamofire.framework in Frameworks */,
				2FEEC6FF1E9F659100CBE471 /* SideMenuController.framework in Frameworks */,
				0BE538578CB61DFC752B8964 /* Pods_Pay_hub.framework in Frameworks */,
			);
			runOnlyForDeploymentPostprocessing = 0;
		};
		2FEEC6D71E9CA24E00CBE471 /* Frameworks */ = {
			isa = PBXFrameworksBuildPhase;
			buildActionMask = 2147483647;
			files = (
				D34E2F6F9DE3A4D6E0B9117E /* Pods_Pay_hubTests.framework in Frameworks */,
			);
			runOnlyForDeploymentPostprocessing = 0;
		};
		2FEEC6E21E9CA24E00CBE471 /* Frameworks */ = {
			isa = PBXFrameworksBuildPhase;
			buildActionMask = 2147483647;
			files = (
				FF55140D5F1619B364964005 /* Pods_Pay_hubUITests.framework in Frameworks */,
			);
			runOnlyForDeploymentPostprocessing = 0;
		};
/* End PBXFrameworksBuildPhase section */

/* Begin PBXGroup section */
		2F104F6B1EAB7F400054DB64 /* Experiment */ = {
			isa = PBXGroup;
			children = (
				2F104F6C1EAB7F8D0054DB64 /* secondViewController.h */,
				2F104F6D1EAB7F8D0054DB64 /* secondViewController.m */,
				2F104F6E1EAB7F8D0054DB64 /* secondViewController.xib */,
				2F104F711EAB7FB30054DB64 /* MyprofileViewController.h */,
				2F104F721EAB7FB30054DB64 /* MyprofileViewController.m */,
			);
			name = Experiment;
			sourceTree = "<group>";
		};
		2FEC66461EC197ED00BACDCF /* Delivery */ = {
			isa = PBXGroup;
			children = (
			);
			name = Delivery;
			sourceTree = "<group>";
		};
		2FEC66491EC198A000BACDCF /* Authentication */ = {
			isa = PBXGroup;
			children = (
				2FEC664A1EC198C300BACDCF /* Auth.storyboard */,
				2FEC664E1EC1994900BACDCF /* SignupoptionsViewController.swift */,
				2FEC664C1EC198EB00BACDCF /* SignupViewController.swift */,
				2FEC66501EC1EEC200BACDCF /* SigninViewController.swift */,
				2FEC66521EC1EEE100BACDCF /* ContinueAsGuestViewController.swift */,
			);
			name = Authentication;
			sourceTree = "<group>";
		};
		2FEEC6BD1E9CA24E00CBE471 = {
			isa = PBXGroup;
			children = (
				2FEEC6C81E9CA24E00CBE471 /* Pay-hub */,
				2FEEC6DD1E9CA24E00CBE471 /* Pay-hubTests */,
				2FEEC6E81E9CA24E00CBE471 /* Pay-hubUITests */,
				2FEEC6C71E9CA24E00CBE471 /* Products */,
				844F827357FF8FBBB3678190 /* Pods */,
				3DF049259C084978089A5499 /* Frameworks */,
			);
			sourceTree = "<group>";
		};
		2FEEC6C71E9CA24E00CBE471 /* Products */ = {
			isa = PBXGroup;
			children = (
				2FEEC6C61E9CA24E00CBE471 /* Pay-hub.app */,
				2FEEC6DA1E9CA24E00CBE471 /* Pay-hubTests.xctest */,
				2FEEC6E51E9CA24E00CBE471 /* Pay-hubUITests.xctest */,
			);
			name = Products;
			sourceTree = "<group>";
		};
		2FEEC6C81E9CA24E00CBE471 /* Pay-hub */ = {
			isa = PBXGroup;
			children = (
				2FEEC6C91E9CA24E00CBE471 /* AppDelegate.swift */,
				2FA0E6951EAA075300A58711 /* MyAPIHandler.swift */,
				2FEEC6CB1E9CA24E00CBE471 /* ViewController.swift */,
				2FEEC6F71E9CE00500CBE471 /* CuisineGroupsViewController.swift */,
				2FEEC6CD1E9CA24E00CBE471 /* Main.storyboard */,
				2FEEC6FA1E9F643100CBE471 /* HomeScreenViewController.swift */,
				2FEEC7081EA5D5D200CBE471 /* MenuGroupsVC.swift */,
				2FEEC7061EA5D54A00CBE471 /* MenuGroupsCollectionViewCell.swift */,
				2FEEC70A1EA5FC1C00CBE471 /* MenuItemCollectionViewCell.swift */,
				2FEEC7001E9F8F1900CBE471 /* CustomSideMenuController.swift */,
				2FEEC6FC1E9F64F000CBE471 /* SideMenuViewController.swift */,
				2FEEC7041EA4A77100CBE471 /* PageViewMenuGroupsImagesVC.swift */,
				2FEEC70C1EA6133A00CBE471 /* MenuItemListViewController.swift */,
				2F2179881EADF71C001CCB91 /* ItemsTabBarViewController.swift */,
				2FEEF7981EB701E0008ACEE3 /* My Cart */,
				2FEC66461EC197ED00BACDCF /* Delivery */,
				2FEC66491EC198A000BACDCF /* Authentication */,
				2F104F6B1EAB7F400054DB64 /* Experiment */,
				2FEEC7101EA638AE00CBE471 /* Models */,
				2FEEC6D01E9CA24E00CBE471 /* Assets.xcassets */,
				2FEEC6D21E9CA24E00CBE471 /* LaunchScreen.storyboard */,
				2FEEC6D51E9CA24E00CBE471 /* Info.plist */,
			);
			path = "Pay-hub";
			sourceTree = "<group>";
		};
		2FEEC6DD1E9CA24E00CBE471 /* Pay-hubTests */ = {
			isa = PBXGroup;
			children = (
				2FEEC6DE1E9CA24E00CBE471 /* Pay_hubTests.swift */,
				2FEEC6E01E9CA24E00CBE471 /* Info.plist */,
			);
			path = "Pay-hubTests";
			sourceTree = "<group>";
		};
		2FEEC6E81E9CA24E00CBE471 /* Pay-hubUITests */ = {
			isa = PBXGroup;
			children = (
				2FEEC6E91E9CA24E00CBE471 /* Pay_hubUITests.swift */,
				2FEEC6EB1E9CA24E00CBE471 /* Info.plist */,
			);
			path = "Pay-hubUITests";
			sourceTree = "<group>";
		};
		2FEEC7101EA638AE00CBE471 /* Models */ = {
			isa = PBXGroup;
			children = (
				2FEEC7111EA638C400CBE471 /* Alamofire.swift */,
			);
			name = Models;
			sourceTree = "<group>";
		};
		2FEEF7981EB701E0008ACEE3 /* My Cart */ = {
			isa = PBXGroup;
			children = (
				2F21798C1EB1FDD1001CCB91 /* CartManager.swift */,
				2F2179861EADF329001CCB91 /* MyCartViewController.swift */,
				2FEEF7961EB7005B008ACEE3 /* MyCartCellTableViewCell.swift */,
				2FEEF7991EB7189C008ACEE3 /* MyCartTitleCell.swift */,
			);
			name = "My Cart";
			sourceTree = "<group>";
		};
		3DF049259C084978089A5499 /* Frameworks */ = {
			isa = PBXGroup;
			children = (
				2FEEF7D81EBC6B7F008ACEE3 /* libc++.1.tbd */,
				2FEEF7D91EBC6B7F008ACEE3 /* libc++.tbd */,
				2FEEF7DA1EBC6B7F008ACEE3 /* libc++abi.tbd */,
				2FEEF7D41EBC6B6A008ACEE3 /* libicucore.A.tbd */,
				2FEEF7D51EBC6B6A008ACEE3 /* libicucore.tbd */,
				2FEEF7D01EBC6B5D008ACEE3 /* libstdc++.6.0.9.tbd */,
				2FEEF7D11EBC6B5D008ACEE3 /* libstdc++.6.tbd */,
				2FEEF7CC1EBC6B4F008ACEE3 /* libsqlite3.0.tbd */,
				2FEEF7CD1EBC6B4F008ACEE3 /* libsqlite3.tbd */,
				2FEEF7CA1EBC6A9F008ACEE3 /* Security.framework */,
				2FEEF7C81EBC6A93008ACEE3 /* CFNetwork.framework */,
				2FEEF7C61EBC6A86008ACEE3 /* GLKit.framework */,
				2FEEF7C41EBC6A7A008ACEE3 /* AudioToolbox.framework */,
				2FEEF7C21EBC6A6E008ACEE3 /* AVFoundation.framework */,
				2FEEF7C01EBC6A61008ACEE3 /* CoreAudio.framework */,
				2FEEF7BE1EBC6A4D008ACEE3 /* CoreMedia.framework */,
				2FEEF7BC1EBC6A3F008ACEE3 /* CoreVideo.framework */,
				2FEEF7BA1EBC6A32008ACEE3 /* CoreGraphics.framework */,
				2FEEF7B81EBC6A23008ACEE3 /* OpenGLES.framework */,
				2FEEF7B61EBC6A0F008ACEE3 /* QuartzCore.framework */,
				2F03A9431EA7635600660DBB /* GMStepper.framework */,
				2FEEC70E1EA6356100CBE471 /* Alamofire.framework */,
				2FEEC6FE1E9F659100CBE471 /* SideMenuController.framework */,
				4C73A40A118492F42E51195B /* Pods_Pay_hub.framework */,
				BB510F34008B707500181149 /* Pods_Pay_hubTests.framework */,
				A8141CD5A59D610B84CBCA50 /* Pods_Pay_hubUITests.framework */,
			);
			name = Frameworks;
			sourceTree = "<group>";
		};
		844F827357FF8FBBB3678190 /* Pods */ = {
			isa = PBXGroup;
			children = (
				292BE282079238B5F14DA220 /* Pods-Pay-hub.debug.xcconfig */,
				D18379463C69E27DBC786F85 /* Pods-Pay-hub.release.xcconfig */,
				48220A4F2E0DF9C944E8A6E2 /* Pods-Pay-hubTests.debug.xcconfig */,
				79A24EE108A61A07DF01F7CC /* Pods-Pay-hubTests.release.xcconfig */,
				695F654AA5E8C7F91540DF5A /* Pods-Pay-hubUITests.debug.xcconfig */,
				519F0AC5F9FDD1B9910C21A2 /* Pods-Pay-hubUITests.release.xcconfig */,
			);
			name = Pods;
			sourceTree = "<group>";
		};
/* End PBXGroup section */

/* Begin PBXNativeTarget section */
		2FEEC6C51E9CA24E00CBE471 /* Pay-hub */ = {
			isa = PBXNativeTarget;
			buildConfigurationList = 2FEEC6EE1E9CA24E00CBE471 /* Build configuration list for PBXNativeTarget "Pay-hub" */;
			buildPhases = (
				A2FD50AB34C0026F8D29B334 /* [CP] Check Pods Manifest.lock */,
				2FEEC6C21E9CA24E00CBE471 /* Sources */,
				2FEEC6C31E9CA24E00CBE471 /* Frameworks */,
				2FEEC6C41E9CA24E00CBE471 /* Resources */,
				3791B9D1C38E4727AC579E48 /* [CP] Embed Pods Frameworks */,
				2AAB9449979980C4AD7A1767 /* [CP] Copy Pods Resources */,
			);
			buildRules = (
			);
			dependencies = (
			);
			name = "Pay-hub";
			productName = "Pay-hub";
			productReference = 2FEEC6C61E9CA24E00CBE471 /* Pay-hub.app */;
			productType = "com.apple.product-type.application";
		};
		2FEEC6D91E9CA24E00CBE471 /* Pay-hubTests */ = {
			isa = PBXNativeTarget;
			buildConfigurationList = 2FEEC6F11E9CA24E00CBE471 /* Build configuration list for PBXNativeTarget "Pay-hubTests" */;
			buildPhases = (
				4E108693A3EE69578DC172BB /* [CP] Check Pods Manifest.lock */,
				2FEEC6D61E9CA24E00CBE471 /* Sources */,
				2FEEC6D71E9CA24E00CBE471 /* Frameworks */,
				2FEEC6D81E9CA24E00CBE471 /* Resources */,
				4F413FE6CC7D83843464513E /* [CP] Embed Pods Frameworks */,
				BD92DE1E581DFFDEC355C28E /* [CP] Copy Pods Resources */,
			);
			buildRules = (
			);
			dependencies = (
				2FEEC6DC1E9CA24E00CBE471 /* PBXTargetDependency */,
			);
			name = "Pay-hubTests";
			productName = "Pay-hubTests";
			productReference = 2FEEC6DA1E9CA24E00CBE471 /* Pay-hubTests.xctest */;
			productType = "com.apple.product-type.bundle.unit-test";
		};
		2FEEC6E41E9CA24E00CBE471 /* Pay-hubUITests */ = {
			isa = PBXNativeTarget;
			buildConfigurationList = 2FEEC6F41E9CA24E00CBE471 /* Build configuration list for PBXNativeTarget "Pay-hubUITests" */;
			buildPhases = (
				643205D49D83C841EAB89B46 /* [CP] Check Pods Manifest.lock */,
				2FEEC6E11E9CA24E00CBE471 /* Sources */,
				2FEEC6E21E9CA24E00CBE471 /* Frameworks */,
				2FEEC6E31E9CA24E00CBE471 /* Resources */,
				A7850C20F9715B939BBD39DA /* [CP] Embed Pods Frameworks */,
				EAF14CE27AFEE9E2368B739E /* [CP] Copy Pods Resources */,
			);
			buildRules = (
			);
			dependencies = (
				2FEEC6E71E9CA24E00CBE471 /* PBXTargetDependency */,
			);
			name = "Pay-hubUITests";
			productName = "Pay-hubUITests";
			productReference = 2FEEC6E51E9CA24E00CBE471 /* Pay-hubUITests.xctest */;
			productType = "com.apple.product-type.bundle.ui-testing";
		};
/* End PBXNativeTarget section */

/* Begin PBXProject section */
		2FEEC6BE1E9CA24E00CBE471 /* Project object */ = {
			isa = PBXProject;
			attributes = {
				LastSwiftUpdateCheck = 0830;
				LastUpgradeCheck = 0830;
				ORGANIZATIONNAME = "RSTI E-Services";
				TargetAttributes = {
					2FEEC6C51E9CA24E00CBE471 = {
						CreatedOnToolsVersion = 8.3.1;
						DevelopmentTeam = MXU6HC5F88;
						LastSwiftMigration = 0830;
						ProvisioningStyle = Automatic;
					};
					2FEEC6D91E9CA24E00CBE471 = {
						CreatedOnToolsVersion = 8.3.1;
						ProvisioningStyle = Automatic;
						TestTargetID = 2FEEC6C51E9CA24E00CBE471;
					};
					2FEEC6E41E9CA24E00CBE471 = {
						CreatedOnToolsVersion = 8.3.1;
						ProvisioningStyle = Automatic;
						TestTargetID = 2FEEC6C51E9CA24E00CBE471;
					};
				};
			};
			buildConfigurationList = 2FEEC6C11E9CA24E00CBE471 /* Build configuration list for PBXProject "Pay-hub" */;
			compatibilityVersion = "Xcode 3.2";
			developmentRegion = English;
			hasScannedForEncodings = 0;
			knownRegions = (
				en,
				Base,
			);
			mainGroup = 2FEEC6BD1E9CA24E00CBE471;
			productRefGroup = 2FEEC6C71E9CA24E00CBE471 /* Products */;
			projectDirPath = "";
			projectRoot = "";
			targets = (
				2FEEC6C51E9CA24E00CBE471 /* Pay-hub */,
				2FEEC6D91E9CA24E00CBE471 /* Pay-hubTests */,
				2FEEC6E41E9CA24E00CBE471 /* Pay-hubUITests */,
			);
		};
/* End PBXProject section */

/* Begin PBXResourcesBuildPhase section */
		2FEEC6C41E9CA24E00CBE471 /* Resources */ = {
			isa = PBXResourcesBuildPhase;
			buildActionMask = 2147483647;
			files = (
				2F104F701EAB7F8D0054DB64 /* secondViewController.xib in Resources */,
				2FEEC6D41E9CA24E00CBE471 /* LaunchScreen.storyboard in Resources */,
				2FEC664B1EC198C300BACDCF /* Auth.storyboard in Resources */,
				2FEEC6D11E9CA24E00CBE471 /* Assets.xcassets in Resources */,
				2FEEC6CF1E9CA24E00CBE471 /* Main.storyboard in Resources */,
			);
			runOnlyForDeploymentPostprocessing = 0;
		};
		2FEEC6D81E9CA24E00CBE471 /* Resources */ = {
			isa = PBXResourcesBuildPhase;
			buildActionMask = 2147483647;
			files = (
			);
			runOnlyForDeploymentPostprocessing = 0;
		};
		2FEEC6E31E9CA24E00CBE471 /* Resources */ = {
			isa = PBXResourcesBuildPhase;
			buildActionMask = 2147483647;
			files = (
			);
			runOnlyForDeploymentPostprocessing = 0;
		};
/* End PBXResourcesBuildPhase section */

/* Begin PBXShellScriptBuildPhase section */
		2AAB9449979980C4AD7A1767 /* [CP] Copy Pods Resources */ = {
			isa = PBXShellScriptBuildPhase;
			buildActionMask = 2147483647;
			files = (
			);
			inputPaths = (
			);
			name = "[CP] Copy Pods Resources";
			outputPaths = (
			);
			runOnlyForDeploymentPostprocessing = 0;
			shellPath = /bin/sh;
			shellScript = "\"${SRCROOT}/Pods/Target Support Files/Pods-Pay-hub/Pods-Pay-hub-resources.sh\"\n";
			showEnvVarsInLog = 0;
		};
		3791B9D1C38E4727AC579E48 /* [CP] Embed Pods Frameworks */ = {
			isa = PBXShellScriptBuildPhase;
			buildActionMask = 2147483647;
			files = (
			);
			inputPaths = (
			);
			name = "[CP] Embed Pods Frameworks";
			outputPaths = (
			);
			runOnlyForDeploymentPostprocessing = 0;
			shellPath = /bin/sh;
			shellScript = "\"${SRCROOT}/Pods/Target Support Files/Pods-Pay-hub/Pods-Pay-hub-frameworks.sh\"\n";
			showEnvVarsInLog = 0;
		};
		4E108693A3EE69578DC172BB /* [CP] Check Pods Manifest.lock */ = {
			isa = PBXShellScriptBuildPhase;
			buildActionMask = 2147483647;
			files = (
			);
			inputPaths = (
			);
			name = "[CP] Check Pods Manifest.lock";
			outputPaths = (
			);
			runOnlyForDeploymentPostprocessing = 0;
			shellPath = /bin/sh;
			shellScript = "diff \"${PODS_PODFILE_DIR_PATH}/Podfile.lock\" \"${PODS_ROOT}/Manifest.lock\" > /dev/null\nif [ $? != 0 ] ; then\n    # print error to STDERR\n    echo \"error: The sandbox is not in sync with the Podfile.lock. Run 'pod install' or update your CocoaPods installation.\" >&2\n    exit 1\nfi\n";
			showEnvVarsInLog = 0;
		};
		4F413FE6CC7D83843464513E /* [CP] Embed Pods Frameworks */ = {
			isa = PBXShellScriptBuildPhase;
			buildActionMask = 2147483647;
			files = (
			);
			inputPaths = (
			);
			name = "[CP] Embed Pods Frameworks";
			outputPaths = (
			);
			runOnlyForDeploymentPostprocessing = 0;
			shellPath = /bin/sh;
			shellScript = "\"${SRCROOT}/Pods/Target Support Files/Pods-Pay-hubTests/Pods-Pay-hubTests-frameworks.sh\"\n";
			showEnvVarsInLog = 0;
		};
		643205D49D83C841EAB89B46 /* [CP] Check Pods Manifest.lock */ = {
			isa = PBXShellScriptBuildPhase;
			buildActionMask = 2147483647;
			files = (
			);
			inputPaths = (
			);
			name = "[CP] Check Pods Manifest.lock";
			outputPaths = (
			);
			runOnlyForDeploymentPostprocessing = 0;
			shellPath = /bin/sh;
			shellScript = "diff \"${PODS_PODFILE_DIR_PATH}/Podfile.lock\" \"${PODS_ROOT}/Manifest.lock\" > /dev/null\nif [ $? != 0 ] ; then\n    # print error to STDERR\n    echo \"error: The sandbox is not in sync with the Podfile.lock. Run 'pod install' or update your CocoaPods installation.\" >&2\n    exit 1\nfi\n";
			showEnvVarsInLog = 0;
		};
		A2FD50AB34C0026F8D29B334 /* [CP] Check Pods Manifest.lock */ = {
			isa = PBXShellScriptBuildPhase;
			buildActionMask = 2147483647;
			files = (
			);
			inputPaths = (
			);
			name = "[CP] Check Pods Manifest.lock";
			outputPaths = (
			);
			runOnlyForDeploymentPostprocessing = 0;
			shellPath = /bin/sh;
			shellScript = "diff \"${PODS_PODFILE_DIR_PATH}/Podfile.lock\" \"${PODS_ROOT}/Manifest.lock\" > /dev/null\nif [ $? != 0 ] ; then\n    # print error to STDERR\n    echo \"error: The sandbox is not in sync with the Podfile.lock. Run 'pod install' or update your CocoaPods installation.\" >&2\n    exit 1\nfi\n";
			showEnvVarsInLog = 0;
		};
		A7850C20F9715B939BBD39DA /* [CP] Embed Pods Frameworks */ = {
			isa = PBXShellScriptBuildPhase;
			buildActionMask = 2147483647;
			files = (
			);
			inputPaths = (
			);
			name = "[CP] Embed Pods Frameworks";
			outputPaths = (
			);
			runOnlyForDeploymentPostprocessing = 0;
			shellPath = /bin/sh;
			shellScript = "\"${SRCROOT}/Pods/Target Support Files/Pods-Pay-hubUITests/Pods-Pay-hubUITests-frameworks.sh\"\n";
			showEnvVarsInLog = 0;
		};
		BD92DE1E581DFFDEC355C28E /* [CP] Copy Pods Resources */ = {
			isa = PBXShellScriptBuildPhase;
			buildActionMask = 2147483647;
			files = (
			);
			inputPaths = (
			);
			name = "[CP] Copy Pods Resources";
			outputPaths = (
			);
			runOnlyForDeploymentPostprocessing = 0;
			shellPath = /bin/sh;
			shellScript = "\"${SRCROOT}/Pods/Target Support Files/Pods-Pay-hubTests/Pods-Pay-hubTests-resources.sh\"\n";
			showEnvVarsInLog = 0;
		};
		EAF14CE27AFEE9E2368B739E /* [CP] Copy Pods Resources */ = {
			isa = PBXShellScriptBuildPhase;
			buildActionMask = 2147483647;
			files = (
			);
			inputPaths = (
			);
			name = "[CP] Copy Pods Resources";
			outputPaths = (
			);
			runOnlyForDeploymentPostprocessing = 0;
			shellPath = /bin/sh;
			shellScript = "\"${SRCROOT}/Pods/Target Support Files/Pods-Pay-hubUITests/Pods-Pay-hubUITests-resources.sh\"\n";
			showEnvVarsInLog = 0;
		};
/* End PBXShellScriptBuildPhase section */

/* Begin PBXSourcesBuildPhase section */
		2FEEC6C21E9CA24E00CBE471 /* Sources */ = {
			isa = PBXSourcesBuildPhase;
			buildActionMask = 2147483647;
			files = (
				2FEEC70B1EA5FC1C00CBE471 /* MenuItemCollectionViewCell.swift in Sources */,
				2F21798D1EB1FDD1001CCB91 /* CartManager.swift in Sources */,
				2FEEC7011E9F8F1900CBE471 /* CustomSideMenuController.swift in Sources */,
				2F104F6F1EAB7F8D0054DB64 /* secondViewController.m in Sources */,
				2F2179891EADF71C001CCB91 /* ItemsTabBarViewController.swift in Sources */,
				2FEEC6CC1E9CA24E00CBE471 /* ViewController.swift in Sources */,
				2FEEF79A1EB7189C008ACEE3 /* MyCartTitleCell.swift in Sources */,
				2FEC664F1EC1994900BACDCF /* SignupoptionsViewController.swift in Sources */,
				2FEEF7971EB7005B008ACEE3 /* MyCartCellTableViewCell.swift in Sources */,
				2F2179871EADF329001CCB91 /* MyCartViewController.swift in Sources */,
				2FEEC6FB1E9F643100CBE471 /* HomeScreenViewController.swift in Sources */,
				2F104F731EAB7FB30054DB64 /* MyprofileViewController.m in Sources */,
				2FEEC7091EA5D5D200CBE471 /* MenuGroupsVC.swift in Sources */,
				2FEC66511EC1EEC200BACDCF /* SigninViewController.swift in Sources */,
				2FEEC70D1EA6133A00CBE471 /* MenuItemListViewController.swift in Sources */,
				2FEEC7121EA638C400CBE471 /* Alamofire.swift in Sources */,
				2FEEC7051EA4A77100CBE471 /* PageViewMenuGroupsImagesVC.swift in Sources */,
				2FEC664D1EC198EB00BACDCF /* SignupViewController.swift in Sources */,
				2FEEC6F81E9CE00500CBE471 /* CuisineGroupsViewController.swift in Sources */,
				2FA0E6961EAA075300A58711 /* MyAPIHandler.swift in Sources */,
				2FEEC7071EA5D54A00CBE471 /* MenuGroupsCollectionViewCell.swift in Sources */,
				2FEEC6FD1E9F64F000CBE471 /* SideMenuViewController.swift in Sources */,
				2FEC66531EC1EEE100BACDCF /* ContinueAsGuestViewController.swift in Sources */,
				2FEEC6CA1E9CA24E00CBE471 /* AppDelegate.swift in Sources */,
			);
			runOnlyForDeploymentPostprocessing = 0;
		};
		2FEEC6D61E9CA24E00CBE471 /* Sources */ = {
			isa = PBXSourcesBuildPhase;
			buildActionMask = 2147483647;
			files = (
				2FEEC6DF1E9CA24E00CBE471 /* Pay_hubTests.swift in Sources */,
			);
			runOnlyForDeploymentPostprocessing = 0;
		};
		2FEEC6E11E9CA24E00CBE471 /* Sources */ = {
			isa = PBXSourcesBuildPhase;
			buildActionMask = 2147483647;
			files = (
				2FEEC6EA1E9CA24E00CBE471 /* Pay_hubUITests.swift in Sources */,
			);
			runOnlyForDeploymentPostprocessing = 0;
		};
/* End PBXSourcesBuildPhase section */

/* Begin PBXTargetDependency section */
		2FEEC6DC1E9CA24E00CBE471 /* PBXTargetDependency */ = {
			isa = PBXTargetDependency;
			target = 2FEEC6C51E9CA24E00CBE471 /* Pay-hub */;
			targetProxy = 2FEEC6DB1E9CA24E00CBE471 /* PBXContainerItemProxy */;
		};
		2FEEC6E71E9CA24E00CBE471 /* PBXTargetDependency */ = {
			isa = PBXTargetDependency;
			target = 2FEEC6C51E9CA24E00CBE471 /* Pay-hub */;
			targetProxy = 2FEEC6E61E9CA24E00CBE471 /* PBXContainerItemProxy */;
		};
/* End PBXTargetDependency section */

/* Begin PBXVariantGroup section */
		2FEEC6CD1E9CA24E00CBE471 /* Main.storyboard */ = {
			isa = PBXVariantGroup;
			children = (
				2FEEC6CE1E9CA24E00CBE471 /* Base */,
			);
			name = Main.storyboard;
			sourceTree = "<group>";
		};
		2FEEC6D21E9CA24E00CBE471 /* LaunchScreen.storyboard */ = {
			isa = PBXVariantGroup;
			children = (
				2FEEC6D31E9CA24E00CBE471 /* Base */,
			);
			name = LaunchScreen.storyboard;
			sourceTree = "<group>";
		};
/* End PBXVariantGroup section */

/* Begin XCBuildConfiguration section */
		2FEEC6EC1E9CA24E00CBE471 /* Debug */ = {
			isa = XCBuildConfiguration;
			buildSettings = {
				ALWAYS_SEARCH_USER_PATHS = NO;
				CLANG_ANALYZER_NONNULL = YES;
				CLANG_ANALYZER_NUMBER_OBJECT_CONVERSION = YES_AGGRESSIVE;
				CLANG_CXX_LANGUAGE_STANDARD = "gnu++0x";
				CLANG_CXX_LIBRARY = "libc++";
				CLANG_ENABLE_MODULES = YES;
				CLANG_ENABLE_OBJC_ARC = YES;
				CLANG_WARN_BOOL_CONVERSION = YES;
				CLANG_WARN_CONSTANT_CONVERSION = YES;
				CLANG_WARN_DIRECT_OBJC_ISA_USAGE = YES_ERROR;
				CLANG_WARN_DOCUMENTATION_COMMENTS = YES;
				CLANG_WARN_EMPTY_BODY = YES;
				CLANG_WARN_ENUM_CONVERSION = YES;
				CLANG_WARN_INFINITE_RECURSION = YES;
				CLANG_WARN_INT_CONVERSION = YES;
				CLANG_WARN_OBJC_ROOT_CLASS = YES_ERROR;
				CLANG_WARN_SUSPICIOUS_MOVE = YES;
				CLANG_WARN_UNREACHABLE_CODE = YES;
				CLANG_WARN__DUPLICATE_METHOD_MATCH = YES;
				"CODE_SIGN_IDENTITY[sdk=iphoneos*]" = "iPhone Developer";
				COPY_PHASE_STRIP = NO;
				DEBUG_INFORMATION_FORMAT = dwarf;
				ENABLE_STRICT_OBJC_MSGSEND = YES;
				ENABLE_TESTABILITY = YES;
				GCC_C_LANGUAGE_STANDARD = gnu99;
				GCC_DYNAMIC_NO_PIC = NO;
				GCC_NO_COMMON_BLOCKS = YES;
				GCC_OPTIMIZATION_LEVEL = 0;
				GCC_PREPROCESSOR_DEFINITIONS = (
					"DEBUG=1",
					"$(inherited)",
				);
				GCC_WARN_64_TO_32_BIT_CONVERSION = YES;
				GCC_WARN_ABOUT_RETURN_TYPE = YES_ERROR;
				GCC_WARN_UNDECLARED_SELECTOR = YES;
				GCC_WARN_UNINITIALIZED_AUTOS = YES_AGGRESSIVE;
				GCC_WARN_UNUSED_FUNCTION = YES;
				GCC_WARN_UNUSED_VARIABLE = YES;
				IPHONEOS_DEPLOYMENT_TARGET = 10.3;
				MTL_ENABLE_DEBUG_INFO = YES;
				ONLY_ACTIVE_ARCH = YES;
				SDKROOT = iphoneos;
				SWIFT_ACTIVE_COMPILATION_CONDITIONS = DEBUG;
				SWIFT_OBJC_BRIDGING_HEADER = "/Users/rstintl/Desktop/Xcode/Pay-hub/Pay-hub/Pay-hub-Bridging-Header.h";
				SWIFT_OPTIMIZATION_LEVEL = "-Onone";
				TARGETED_DEVICE_FAMILY = "1,2";
			};
			name = Debug;
		};
		2FEEC6ED1E9CA24E00CBE471 /* Release */ = {
			isa = XCBuildConfiguration;
			buildSettings = {
				ALWAYS_SEARCH_USER_PATHS = NO;
				CLANG_ANALYZER_NONNULL = YES;
				CLANG_ANALYZER_NUMBER_OBJECT_CONVERSION = YES_AGGRESSIVE;
				CLANG_CXX_LANGUAGE_STANDARD = "gnu++0x";
				CLANG_CXX_LIBRARY = "libc++";
				CLANG_ENABLE_MODULES = YES;
				CLANG_ENABLE_OBJC_ARC = YES;
				CLANG_WARN_BOOL_CONVERSION = YES;
				CLANG_WARN_CONSTANT_CONVERSION = YES;
				CLANG_WARN_DIRECT_OBJC_ISA_USAGE = YES_ERROR;
				CLANG_WARN_DOCUMENTATION_COMMENTS = YES;
				CLANG_WARN_EMPTY_BODY = YES;
				CLANG_WARN_ENUM_CONVERSION = YES;
				CLANG_WARN_INFINITE_RECURSION = YES;
				CLANG_WARN_INT_CONVERSION = YES;
				CLANG_WARN_OBJC_ROOT_CLASS = YES_ERROR;
				CLANG_WARN_SUSPICIOUS_MOVE = YES;
				CLANG_WARN_UNREACHABLE_CODE = YES;
				CLANG_WARN__DUPLICATE_METHOD_MATCH = YES;
				"CODE_SIGN_IDENTITY[sdk=iphoneos*]" = "iPhone Developer";
				COPY_PHASE_STRIP = NO;
				DEBUG_INFORMATION_FORMAT = "dwarf-with-dsym";
				ENABLE_NS_ASSERTIONS = NO;
				ENABLE_STRICT_OBJC_MSGSEND = YES;
				GCC_C_LANGUAGE_STANDARD = gnu99;
				GCC_NO_COMMON_BLOCKS = YES;
				GCC_WARN_64_TO_32_BIT_CONVERSION = YES;
				GCC_WARN_ABOUT_RETURN_TYPE = YES_ERROR;
				GCC_WARN_UNDECLARED_SELECTOR = YES;
				GCC_WARN_UNINITIALIZED_AUTOS = YES_AGGRESSIVE;
				GCC_WARN_UNUSED_FUNCTION = YES;
				GCC_WARN_UNUSED_VARIABLE = YES;
				IPHONEOS_DEPLOYMENT_TARGET = 10.3;
				MTL_ENABLE_DEBUG_INFO = NO;
				SDKROOT = iphoneos;
				SWIFT_OBJC_BRIDGING_HEADER = "/Users/rstintl/Desktop/Xcode/Pay-hub/Pay-hub/Pay-hub-Bridging-Header.h";
				SWIFT_OPTIMIZATION_LEVEL = "-Owholemodule";
				TARGETED_DEVICE_FAMILY = "1,2";
				VALIDATE_PRODUCT = YES;
			};
			name = Release;
		};
		2FEEC6EF1E9CA24E00CBE471 /* Debug */ = {
			isa = XCBuildConfiguration;
			baseConfigurationReference = 292BE282079238B5F14DA220 /* Pods-Pay-hub.debug.xcconfig */;
			buildSettings = {
				ASSETCATALOG_COMPILER_APPICON_NAME = AppIcon;
				CLANG_ENABLE_MODULES = YES;
				DEVELOPMENT_TEAM = MXU6HC5F88;
				INFOPLIST_FILE = "Pay-hub/Info.plist";
				IPHONEOS_DEPLOYMENT_TARGET = 10.0;
				LD_RUNPATH_SEARCH_PATHS = "$(inherited) @executable_path/Frameworks";
				PRODUCT_BUNDLE_IDENTIFIER = "com.rstintl.pay-hub.Pay-hub";
				PRODUCT_NAME = "$(TARGET_NAME)";
				SWIFT_OBJC_BRIDGING_HEADER = "";
				SWIFT_OPTIMIZATION_LEVEL = "-Onone";
				SWIFT_VERSION = 3.0;
			};
			name = Debug;
		};
		2FEEC6F01E9CA24E00CBE471 /* Release */ = {
			isa = XCBuildConfiguration;
			baseConfigurationReference = D18379463C69E27DBC786F85 /* Pods-Pay-hub.release.xcconfig */;
			buildSettings = {
				ASSETCATALOG_COMPILER_APPICON_NAME = AppIcon;
				CLANG_ENABLE_MODULES = YES;
				DEVELOPMENT_TEAM = MXU6HC5F88;
				INFOPLIST_FILE = "Pay-hub/Info.plist";
				IPHONEOS_DEPLOYMENT_TARGET = 10.0;
				LD_RUNPATH_SEARCH_PATHS = "$(inherited) @executable_path/Frameworks";
				PRODUCT_BUNDLE_IDENTIFIER = "com.rstintl.pay-hub.Pay-hub";
				PRODUCT_NAME = "$(TARGET_NAME)";
				SWIFT_OBJC_BRIDGING_HEADER = "";
				SWIFT_VERSION = 3.0;
			};
			name = Release;
		};
		2FEEC6F21E9CA24E00CBE471 /* Debug */ = {
			isa = XCBuildConfiguration;
			baseConfigurationReference = 48220A4F2E0DF9C944E8A6E2 /* Pods-Pay-hubTests.debug.xcconfig */;
			buildSettings = {
				ALWAYS_EMBED_SWIFT_STANDARD_LIBRARIES = YES;
				BUNDLE_LOADER = "$(TEST_HOST)";
				INFOPLIST_FILE = "Pay-hubTests/Info.plist";
				LD_RUNPATH_SEARCH_PATHS = "$(inherited) @executable_path/Frameworks @loader_path/Frameworks";
				PRODUCT_BUNDLE_IDENTIFIER = "com.rstintl.pay-hub.Pay-hubTests";
				PRODUCT_NAME = "$(TARGET_NAME)";
				SWIFT_VERSION = 3.0;
				TEST_HOST = "$(BUILT_PRODUCTS_DIR)/Pay-hub.app/Pay-hub";
			};
			name = Debug;
		};
		2FEEC6F31E9CA24E00CBE471 /* Release */ = {
			isa = XCBuildConfiguration;
			baseConfigurationReference = 79A24EE108A61A07DF01F7CC /* Pods-Pay-hubTests.release.xcconfig */;
			buildSettings = {
				ALWAYS_EMBED_SWIFT_STANDARD_LIBRARIES = YES;
				BUNDLE_LOADER = "$(TEST_HOST)";
				INFOPLIST_FILE = "Pay-hubTests/Info.plist";
				LD_RUNPATH_SEARCH_PATHS = "$(inherited) @executable_path/Frameworks @loader_path/Frameworks";
				PRODUCT_BUNDLE_IDENTIFIER = "com.rstintl.pay-hub.Pay-hubTests";
				PRODUCT_NAME = "$(TARGET_NAME)";
				SWIFT_VERSION = 3.0;
				TEST_HOST = "$(BUILT_PRODUCTS_DIR)/Pay-hub.app/Pay-hub";
			};
			name = Release;
		};
		2FEEC6F51E9CA24E00CBE471 /* Debug */ = {
			isa = XCBuildConfiguration;
			baseConfigurationReference = 695F654AA5E8C7F91540DF5A /* Pods-Pay-hubUITests.debug.xcconfig */;
			buildSettings = {
				ALWAYS_EMBED_SWIFT_STANDARD_LIBRARIES = YES;
				INFOPLIST_FILE = "Pay-hubUITests/Info.plist";
				LD_RUNPATH_SEARCH_PATHS = "$(inherited) @executable_path/Frameworks @loader_path/Frameworks";
				PRODUCT_BUNDLE_IDENTIFIER = "com.rstintl.pay-hub.Pay-hubUITests";
				PRODUCT_NAME = "$(TARGET_NAME)";
				SWIFT_VERSION = 3.0;
				TEST_TARGET_NAME = "Pay-hub";
			};
			name = Debug;
		};
		2FEEC6F61E9CA24E00CBE471 /* Release */ = {
			isa = XCBuildConfiguration;
			baseConfigurationReference = 519F0AC5F9FDD1B9910C21A2 /* Pods-Pay-hubUITests.release.xcconfig */;
			buildSettings = {
				ALWAYS_EMBED_SWIFT_STANDARD_LIBRARIES = YES;
				INFOPLIST_FILE = "Pay-hubUITests/Info.plist";
				LD_RUNPATH_SEARCH_PATHS = "$(inherited) @executable_path/Frameworks @loader_path/Frameworks";
				PRODUCT_BUNDLE_IDENTIFIER = "com.rstintl.pay-hub.Pay-hubUITests";
				PRODUCT_NAME = "$(TARGET_NAME)";
				SWIFT_VERSION = 3.0;
				TEST_TARGET_NAME = "Pay-hub";
			};
			name = Release;
		};
/* End XCBuildConfiguration section */

/* Begin XCConfigurationList section */
		2FEEC6C11E9CA24E00CBE471 /* Build configuration list for PBXProject "Pay-hub" */ = {
			isa = XCConfigurationList;
			buildConfigurations = (
				2FEEC6EC1E9CA24E00CBE471 /* Debug */,
				2FEEC6ED1E9CA24E00CBE471 /* Release */,
			);
			defaultConfigurationIsVisible = 0;
			defaultConfigurationName = Release;
		};
		2FEEC6EE1E9CA24E00CBE471 /* Build configuration list for PBXNativeTarget "Pay-hub" */ = {
			isa = XCConfigurationList;
			buildConfigurations = (
				2FEEC6EF1E9CA24E00CBE471 /* Debug */,
				2FEEC6F01E9CA24E00CBE471 /* Release */,
			);
			defaultConfigurationIsVisible = 0;
			defaultConfigurationName = Release;
		};
		2FEEC6F11E9CA24E00CBE471 /* Build configuration list for PBXNativeTarget "Pay-hubTests" */ = {
			isa = XCConfigurationList;
			buildConfigurations = (
				2FEEC6F21E9CA24E00CBE471 /* Debug */,
				2FEEC6F31E9CA24E00CBE471 /* Release */,
			);
			defaultConfigurationIsVisible = 0;
			defaultConfigurationName = Release;
		};
		2FEEC6F41E9CA24E00CBE471 /* Build configuration list for PBXNativeTarget "Pay-hubUITests" */ = {
			isa = XCConfigurationList;
			buildConfigurations = (
				2FEEC6F51E9CA24E00CBE471 /* Debug */,
				2FEEC6F61E9CA24E00CBE471 /* Release */,
			);
			defaultConfigurationIsVisible = 0;
			defaultConfigurationName = Release;
		};
/* End XCConfigurationList section */
	};
	rootObject = 2FEEC6BE1E9CA24E00CBE471 /* Project object */;
}
